
Microsoft Visual Studio Solution File, Format Version 12.00
# Visual Studio Version 16
VisualStudioVersion = 16.0.31019.35
MinimumVisualStudioVersion = 10.0.40219.1
Project("{FAE04EC0-301F-11D3-BF4B-00C04F79EFBC}") = "Mood Analyser", "Mood Analyser.csproj", "{418E13EF-8D83-4AC6-ACF5-76FF8FBE8939}"
EndProject
Project("{FAE04EC0-301F-11D3-BF4B-00C04F79EFBC}") = "MoodAnalyserMSTest", "..\MoodAnalyserMSTest\MoodAnalyserMSTest.csproj", "{026E3EED-A3E3-4374-90D2-9EA4C20DB5BC}"
EndProject
Global
	GlobalSection(SolutionConfigurationPlatforms) = preSolution
		Debug|Any CPU = Debug|Any CPU
		Release|Any CPU = Release|Any CPU
	EndGlobalSection
	GlobalSection(ProjectConfigurationPlatforms) = postSolution
		{418E13EF-8D83-4AC6-ACF5-76FF8FBE8939}.Debug|Any CPU.ActiveCfg = Debug|Any CPU
		{418E13EF-8D83-4AC6-ACF5-76FF8FBE8939}.Debug|Any CPU.Build.0 = Debug|Any CPU
		{418E13EF-8D83-4AC6-ACF5-76FF8FBE8939}.Release|Any CPU.ActiveCfg = Release|Any CPU
		{418E13EF-8D83-4AC6-ACF5-76FF8FBE8939}.Release|Any CPU.Build.0 = Release|Any CPU
		{026E3EED-A3E3-4374-90D2-9EA4C20DB5BC}.Debug|Any CPU.ActiveCfg = Debug|Any CPU
		{026E3EED-A3E3-4374-90D2-9EA4C20DB5BC}.Debug|Any CPU.Build.0 = Debug|Any CPU
		{026E3EED-A3E3-4374-90D2-9EA4C20DB5BC}.Release|Any CPU.ActiveCfg = Release|Any CPU
		{026E3EED-A3E3-4374-90D2-9EA4C20DB5BC}.Release|Any CPU.Build.0 = Release|Any CPU
	EndGlobalSection
	GlobalSection(SolutionProperties) = preSolution
		HideSolutionNode = FALSE
	EndGlobalSection
	GlobalSection(ExtensibilityGlobals) = postSolution
		SolutionGuid = {BCC77E97-0924-40F3-9657-E5FBC8252ED9}
	EndGlobalSection
EndGlobal
